
Microsoft Visual Studio Solution File, Format Version 12.00
# Visual Studio Version 17
VisualStudioVersion = 17.0.31903.59
MinimumVisualStudioVersion = 10.0.40219.1
Project("{FAE04EC0-301F-11D3-BF4B-00C04F79EFBC}") = "HAFunctions.Shared", "HAFunctions.Shared\HAFunctions.Shared.csproj", "{3A901967-0E2A-4CDF-B5F1-4DBB5758D61C}"
EndProject
Project("{FAE04EC0-301F-11D3-BF4B-00C04F79EFBC}") = "HAFunctions.UI", "HAFunctions.UI\HAFunctions.UI.csproj", "{A268A40C-6948-481E-AB96-7A6608602E71}"
EndProject
Global
	GlobalSection(SolutionConfigurationPlatforms) = preSolution
		Debug|Any CPU = Debug|Any CPU
		Release|Any CPU = Release|Any CPU
	EndGlobalSection
	GlobalSection(SolutionProperties) = preSolution
		HideSolutionNode = FALSE
	EndGlobalSection
	GlobalSection(ProjectConfigurationPlatforms) = postSolution
		{3A901967-0E2A-4CDF-B5F1-4DBB5758D61C}.Debug|Any CPU.ActiveCfg = Debug|Any CPU
		{3A901967-0E2A-4CDF-B5F1-4DBB5758D61C}.Debug|Any CPU.Build.0 = Debug|Any CPU
		{3A901967-0E2A-4CDF-B5F1-4DBB5758D61C}.Release|Any CPU.ActiveCfg = Release|Any CPU
		{3A901967-0E2A-4CDF-B5F1-4DBB5758D61C}.Release|Any CPU.Build.0 = Release|Any CPU
		{A268A40C-6948-481E-AB96-7A6608602E71}.Debug|Any CPU.ActiveCfg = Debug|Any CPU
		{A268A40C-6948-481E-AB96-7A6608602E71}.Debug|Any CPU.Build.0 = Debug|Any CPU
		{A268A40C-6948-481E-AB96-7A6608602E71}.Release|Any CPU.ActiveCfg = Release|Any CPU
		{A268A40C-6948-481E-AB96-7A6608602E71}.Release|Any CPU.Build.0 = Release|Any CPU
	EndGlobalSection
EndGlobal
